
Microsoft Visual Studio Solution File, Format Version 12.00
# Visual Studio Version 17
VisualStudioVersion = 17.6.33723.286
MinimumVisualStudioVersion = 10.0.40219.1
Project("{FAE04EC0-301F-11D3-BF4B-00C04F79EFBC}") = "RavGadget", "RavGadget\RavGadget.csproj", "{23EC9E1B-6816-4625-B36C-1C96FFB53597}"
EndProject
Global
	GlobalSection(SolutionConfigurationPlatforms) = preSolution
		Debug|Any CPU = Debug|Any CPU
		Release|Any CPU = Release|Any CPU
	EndGlobalSection
	GlobalSection(ProjectConfigurationPlatforms) = postSolution
		{23EC9E1B-6816-4625-B36C-1C96FFB53597}.Debug|Any CPU.ActiveCfg = Debug|Any CPU
		{23EC9E1B-6816-4625-B36C-1C96FFB53597}.Debug|Any CPU.Build.0 = Debug|Any CPU
		{23EC9E1B-6816-4625-B36C-1C96FFB53597}.Release|Any CPU.ActiveCfg = Release|Any CPU
		{23EC9E1B-6816-4625-B36C-1C96FFB53597}.Release|Any CPU.Build.0 = Release|Any CPU
	EndGlobalSection
	GlobalSection(SolutionProperties) = preSolution
		HideSolutionNode = FALSE
	EndGlobalSection
	GlobalSection(ExtensibilityGlobals) = postSolution
		SolutionGuid = {8CDEB1D8-31C1-414A-9B69-9B313836AF71}
	EndGlobalSection
EndGlobal
